// !$*UTF8*$!
{
	archiveVersion = 1;
	classes = {
	};
	objectVersion = 50;
	objects = {

/* Begin PBXBuildFile section */
		581CC2922167DC6F00AA7929 /* AppDelegate.swift in Sources */ = {isa = PBXBuildFile; fileRef = 581CC2912167DC6F00AA7929 /* AppDelegate.swift */; };
		581CC2942167DC6F00AA7929 /* ViewController.swift in Sources */ = {isa = PBXBuildFile; fileRef = 581CC2932167DC6F00AA7929 /* ViewController.swift */; };
		581CC2972167DC6F00AA7929 /* Main.storyboard in Resources */ = {isa = PBXBuildFile; fileRef = 581CC2952167DC6F00AA7929 /* Main.storyboard */; };
		581CC2992167DC7300AA7929 /* Assets.xcassets in Resources */ = {isa = PBXBuildFile; fileRef = 581CC2982167DC7300AA7929 /* Assets.xcassets */; };
		581CC29C2167DC7300AA7929 /* LaunchScreen.storyboard in Resources */ = {isa = PBXBuildFile; fileRef = 581CC29A2167DC7300AA7929 /* LaunchScreen.storyboard */; };
		587F34D02167E25C00AE1C49 /* Contact.swift in Sources */ = {isa = PBXBuildFile; fileRef = 587F34CF2167E25C00AE1C49 /* Contact.swift */; };
		58DFFE19216E7C9800DB8C84 /* StephencelistDB.swift in Sources */ = {isa = PBXBuildFile; fileRef = 58DFFE18216E7C9800DB8C84 /* StephencelistDB.swift */; };
		58E14744216EA1840030E666 /* SQLite.framework in Frameworks */ = {isa = PBXBuildFile; fileRef = 58E14737216EA15B0030E666 /* SQLite.framework */; };
/* End PBXBuildFile section */

/* Begin PBXContainerItemProxy section */
		58E146EC216EA0840030E666 /* PBXContainerItemProxy */ = {
			isa = PBXContainerItemProxy;
			containerPortal = 58E146E2216EA0830030E666 /* SQLite.xcodeproj */;
			proxyType = 2;
			remoteGlobalIDString = EE247AD31C3F04ED00AE3E12;
			remoteInfo = "SQLite iOS";
		};
		58E146EE216EA0840030E666 /* PBXContainerItemProxy */ = {
			isa = PBXContainerItemProxy;
			containerPortal = 58E146E2216EA0830030E666 /* SQLite.xcodeproj */;
			proxyType = 2;
			remoteGlobalIDString = EE247ADD1C3F04ED00AE3E12;
			remoteInfo = "SQLiteTests iOS";
		};
		58E146F0216EA0840030E666 /* PBXContainerItemProxy */ = {
			isa = PBXContainerItemProxy;
			containerPortal = 58E146E2216EA0830030E666 /* SQLite.xcodeproj */;
			proxyType = 2;
			remoteGlobalIDString = EE247B3C1C3F3ED000AE3E12;
			remoteInfo = "SQLite Mac";
		};
		58E146F2216EA0840030E666 /* PBXContainerItemProxy */ = {
			isa = PBXContainerItemProxy;
			containerPortal = 58E146E2216EA0830030E666 /* SQLite.xcodeproj */;
			proxyType = 2;
			remoteGlobalIDString = EE247B451C3F3ED000AE3E12;
			remoteInfo = "SQLiteTests Mac";
		};
		58E146F4216EA0840030E666 /* PBXContainerItemProxy */ = {
			isa = PBXContainerItemProxy;
			containerPortal = 58E146E2216EA0830030E666 /* SQLite.xcodeproj */;
			proxyType = 2;
			remoteGlobalIDString = 03A65E5A1C6BB0F50062603F;
			remoteInfo = "SQLite tvOS";
		};
		58E146F6216EA0840030E666 /* PBXContainerItemProxy */ = {
			isa = PBXContainerItemProxy;
			containerPortal = 58E146E2216EA0830030E666 /* SQLite.xcodeproj */;
			proxyType = 2;
			remoteGlobalIDString = 03A65E631C6BB0F60062603F;
			remoteInfo = "SQLiteTests tvOS";
		};
		58E146F8216EA0840030E666 /* PBXContainerItemProxy */ = {
			isa = PBXContainerItemProxy;
			containerPortal = 58E146E2216EA0830030E666 /* SQLite.xcodeproj */;
			proxyType = 2;
			remoteGlobalIDString = A121AC451CA35C79005A31D1;
			remoteInfo = "SQLite watchOS";
		};
		58E14706216EA1530030E666 /* PBXContainerItemProxy */ = {
			isa = PBXContainerItemProxy;
			containerPortal = 58E146FC216EA1530030E666 /* SQLite.xcodeproj */;
			proxyType = 2;
			remoteGlobalIDString = EE247AD31C3F04ED00AE3E12;
			remoteInfo = "SQLite iOS";
		};
		58E14708216EA1530030E666 /* PBXContainerItemProxy */ = {
			isa = PBXContainerItemProxy;
			containerPortal = 58E146FC216EA1530030E666 /* SQLite.xcodeproj */;
			proxyType = 2;
			remoteGlobalIDString = EE247ADD1C3F04ED00AE3E12;
			remoteInfo = "SQLiteTests iOS";
		};
		58E1470A216EA1530030E666 /* PBXContainerItemProxy */ = {
			isa = PBXContainerItemProxy;
			containerPortal = 58E146FC216EA1530030E666 /* SQLite.xcodeproj */;
			proxyType = 2;
			remoteGlobalIDString = EE247B3C1C3F3ED000AE3E12;
			remoteInfo = "SQLite Mac";
		};
		58E1470C216EA1530030E666 /* PBXContainerItemProxy */ = {
			isa = PBXContainerItemProxy;
			containerPortal = 58E146FC216EA1530030E666 /* SQLite.xcodeproj */;
			proxyType = 2;
			remoteGlobalIDString = EE247B451C3F3ED000AE3E12;
			remoteInfo = "SQLiteTests Mac";
		};
		58E1470E216EA1530030E666 /* PBXContainerItemProxy */ = {
			isa = PBXContainerItemProxy;
			containerPortal = 58E146FC216EA1530030E666 /* SQLite.xcodeproj */;
			proxyType = 2;
			remoteGlobalIDString = 03A65E5A1C6BB0F50062603F;
			remoteInfo = "SQLite tvOS";
		};
		58E14710216EA1530030E666 /* PBXContainerItemProxy */ = {
			isa = PBXContainerItemProxy;
			containerPortal = 58E146FC216EA1530030E666 /* SQLite.xcodeproj */;
			proxyType = 2;
			remoteGlobalIDString = 03A65E631C6BB0F60062603F;
			remoteInfo = "SQLiteTests tvOS";
		};
		58E14712216EA1530030E666 /* PBXContainerItemProxy */ = {
			isa = PBXContainerItemProxy;
			containerPortal = 58E146FC216EA1530030E666 /* SQLite.xcodeproj */;
			proxyType = 2;
			remoteGlobalIDString = A121AC451CA35C79005A31D1;
			remoteInfo = "SQLite watchOS";
		};
		58E1471E216EA1590030E666 /* PBXContainerItemProxy */ = {
			isa = PBXContainerItemProxy;
			containerPortal = 58E14714216EA1590030E666 /* SQLite.xcodeproj */;
			proxyType = 2;
			remoteGlobalIDString = EE247AD31C3F04ED00AE3E12;
			remoteInfo = "SQLite iOS";
		};
		58E14720216EA1590030E666 /* PBXContainerItemProxy */ = {
			isa = PBXContainerItemProxy;
			containerPortal = 58E14714216EA1590030E666 /* SQLite.xcodeproj */;
			proxyType = 2;
			remoteGlobalIDString = EE247ADD1C3F04ED00AE3E12;
			remoteInfo = "SQLiteTests iOS";
		};
		58E14722216EA1590030E666 /* PBXContainerItemProxy */ = {
			isa = PBXContainerItemProxy;
			containerPortal = 58E14714216EA1590030E666 /* SQLite.xcodeproj */;
			proxyType = 2;
			remoteGlobalIDString = EE247B3C1C3F3ED000AE3E12;
			remoteInfo = "SQLite Mac";
		};
		58E14724216EA1590030E666 /* PBXContainerItemProxy */ = {
			isa = PBXContainerItemProxy;
			containerPortal = 58E14714216EA1590030E666 /* SQLite.xcodeproj */;
			proxyType = 2;
			remoteGlobalIDString = EE247B451C3F3ED000AE3E12;
			remoteInfo = "SQLiteTests Mac";
		};
		58E14726216EA1590030E666 /* PBXContainerItemProxy */ = {
			isa = PBXContainerItemProxy;
			containerPortal = 58E14714216EA1590030E666 /* SQLite.xcodeproj */;
			proxyType = 2;
			remoteGlobalIDString = 03A65E5A1C6BB0F50062603F;
			remoteInfo = "SQLite tvOS";
		};
		58E14728216EA1590030E666 /* PBXContainerItemProxy */ = {
			isa = PBXContainerItemProxy;
			containerPortal = 58E14714216EA1590030E666 /* SQLite.xcodeproj */;
			proxyType = 2;
			remoteGlobalIDString = 03A65E631C6BB0F60062603F;
			remoteInfo = "SQLiteTests tvOS";
		};
		58E1472A216EA1590030E666 /* PBXContainerItemProxy */ = {
			isa = PBXContainerItemProxy;
			containerPortal = 58E14714216EA1590030E666 /* SQLite.xcodeproj */;
			proxyType = 2;
			remoteGlobalIDString = A121AC451CA35C79005A31D1;
			remoteInfo = "SQLite watchOS";
		};
		58E14736216EA15B0030E666 /* PBXContainerItemProxy */ = {
			isa = PBXContainerItemProxy;
			containerPortal = 58E1472C216EA15B0030E666 /* SQLite.xcodeproj */;
			proxyType = 2;
			remoteGlobalIDString = EE247AD31C3F04ED00AE3E12;
			remoteInfo = "SQLite iOS";
		};
		58E14738216EA15B0030E666 /* PBXContainerItemProxy */ = {
			isa = PBXContainerItemProxy;
			containerPortal = 58E1472C216EA15B0030E666 /* SQLite.xcodeproj */;
			proxyType = 2;
			remoteGlobalIDString = EE247ADD1C3F04ED00AE3E12;
			remoteInfo = "SQLiteTests iOS";
		};
		58E1473A216EA15B0030E666 /* PBXContainerItemProxy */ = {
			isa = PBXContainerItemProxy;
			containerPortal = 58E1472C216EA15B0030E666 /* SQLite.xcodeproj */;
			proxyType = 2;
			remoteGlobalIDString = EE247B3C1C3F3ED000AE3E12;
			remoteInfo = "SQLite Mac";
		};
		58E1473C216EA15B0030E666 /* PBXContainerItemProxy */ = {
			isa = PBXContainerItemProxy;
			containerPortal = 58E1472C216EA15B0030E666 /* SQLite.xcodeproj */;
			proxyType = 2;
			remoteGlobalIDString = EE247B451C3F3ED000AE3E12;
			remoteInfo = "SQLiteTests Mac";
		};
		58E1473E216EA15B0030E666 /* PBXContainerItemProxy */ = {
			isa = PBXContainerItemProxy;
			containerPortal = 58E1472C216EA15B0030E666 /* SQLite.xcodeproj */;
			proxyType = 2;
			remoteGlobalIDString = 03A65E5A1C6BB0F50062603F;
			remoteInfo = "SQLite tvOS";
		};
		58E14740216EA15B0030E666 /* PBXContainerItemProxy */ = {
			isa = PBXContainerItemProxy;
			containerPortal = 58E1472C216EA15B0030E666 /* SQLite.xcodeproj */;
			proxyType = 2;
			remoteGlobalIDString = 03A65E631C6BB0F60062603F;
			remoteInfo = "SQLiteTests tvOS";
		};
		58E14742216EA15B0030E666 /* PBXContainerItemProxy */ = {
			isa = PBXContainerItemProxy;
			containerPortal = 58E1472C216EA15B0030E666 /* SQLite.xcodeproj */;
			proxyType = 2;
			remoteGlobalIDString = A121AC451CA35C79005A31D1;
			remoteInfo = "SQLite watchOS";
		};
/* End PBXContainerItemProxy section */

/* Begin PBXFileReference section */
		581CC28E2167DC6E00AA7929 /* ManagingData.app */ = {isa = PBXFileReference; explicitFileType = wrapper.application; includeInIndex = 0; path = ManagingData.app; sourceTree = BUILT_PRODUCTS_DIR; };
		581CC2912167DC6F00AA7929 /* AppDelegate.swift */ = {isa = PBXFileReference; lastKnownFileType = sourcecode.swift; path = AppDelegate.swift; sourceTree = "<group>"; };
		581CC2932167DC6F00AA7929 /* ViewController.swift */ = {isa = PBXFileReference; lastKnownFileType = sourcecode.swift; path = ViewController.swift; sourceTree = "<group>"; };
		581CC2962167DC6F00AA7929 /* Base */ = {isa = PBXFileReference; lastKnownFileType = file.storyboard; name = Base; path = Base.lproj/Main.storyboard; sourceTree = "<group>"; };
		581CC2982167DC7300AA7929 /* Assets.xcassets */ = {isa = PBXFileReference; lastKnownFileType = folder.assetcatalog; path = Assets.xcassets; sourceTree = "<group>"; };
		581CC29B2167DC7300AA7929 /* Base */ = {isa = PBXFileReference; lastKnownFileType = file.storyboard; name = Base; path = Base.lproj/LaunchScreen.storyboard; sourceTree = "<group>"; };
		581CC29D2167DC7300AA7929 /* Info.plist */ = {isa = PBXFileReference; lastKnownFileType = text.plist.xml; path = Info.plist; sourceTree = "<group>"; };
		587F34CF2167E25C00AE1C49 /* Contact.swift */ = {isa = PBXFileReference; lastKnownFileType = sourcecode.swift; path = Contact.swift; sourceTree = "<group>"; };
		58DFFE18216E7C9800DB8C84 /* StephencelistDB.swift */ = {isa = PBXFileReference; lastKnownFileType = sourcecode.swift; path = StephencelistDB.swift; sourceTree = "<group>"; };
		58E146E2216EA0830030E666 /* SQLite.xcodeproj */ = {isa = PBXFileReference; lastKnownFileType = "wrapper.pb-project"; name = SQLite.xcodeproj; path = "../../../Desktop/SQLite.swift-master/SQLite.xcodeproj"; sourceTree = "<group>"; };
		58E146FC216EA1530030E666 /* SQLite.xcodeproj */ = {isa = PBXFileReference; lastKnownFileType = "wrapper.pb-project"; name = SQLite.xcodeproj; path = "../../Desktop/SQLite.swift-master/SQLite.xcodeproj"; sourceTree = "<group>"; };
		58E14714216EA1590030E666 /* SQLite.xcodeproj */ = {isa = PBXFileReference; lastKnownFileType = "wrapper.pb-project"; name = SQLite.xcodeproj; path = "../../Desktop/SQLite.swift-master/SQLite.xcodeproj"; sourceTree = "<group>"; };
		58E1472C216EA15B0030E666 /* SQLite.xcodeproj */ = {isa = PBXFileReference; lastKnownFileType = "wrapper.pb-project"; name = SQLite.xcodeproj; path = "../../Desktop/SQLite.swift-master/SQLite.xcodeproj"; sourceTree = "<group>"; };
/* End PBXFileReference section */

/* Begin PBXFrameworksBuildPhase section */
		581CC28B2167DC6E00AA7929 /* Frameworks */ = {
			isa = PBXFrameworksBuildPhase;
			buildActionMask = 2147483647;
			files = (
				58E14744216EA1840030E666 /* SQLite.framework in Frameworks */,
			);
			runOnlyForDeploymentPostprocessing = 0;
		};
/* End PBXFrameworksBuildPhase section */

/* Begin PBXGroup section */
		581CC2852167DC6E00AA7929 = {
			isa = PBXGroup;
			children = (
				581CC2902167DC6E00AA7929 /* ManagingData */,
				581CC28F2167DC6E00AA7929 /* Products */,
				58E146FA216EA0E70030E666 /* Frameworks */,
				58E1472C216EA15B0030E666 /* SQLite.xcodeproj */,
			);
			sourceTree = "<group>";
		};
		581CC28F2167DC6E00AA7929 /* Products */ = {
			isa = PBXGroup;
			children = (
				581CC28E2167DC6E00AA7929 /* ManagingData.app */,
			);
			name = Products;
			sourceTree = "<group>";
		};
		581CC2902167DC6E00AA7929 /* ManagingData */ = {
			isa = PBXGroup;
			children = (
				581CC2912167DC6F00AA7929 /* AppDelegate.swift */,
				587F34CF2167E25C00AE1C49 /* Contact.swift */,
				581CC2932167DC6F00AA7929 /* ViewController.swift */,
				58DFFE18216E7C9800DB8C84 /* StephencelistDB.swift */,
				581CC2952167DC6F00AA7929 /* Main.storyboard */,
				581CC2982167DC7300AA7929 /* Assets.xcassets */,
				581CC29A2167DC7300AA7929 /* LaunchScreen.storyboard */,
				581CC29D2167DC7300AA7929 /* Info.plist */,
				58E146E2216EA0830030E666 /* SQLite.xcodeproj */,
			);
			path = ManagingData;
			sourceTree = "<group>";
		};
		58E146E3216EA0830030E666 /* Products */ = {
			isa = PBXGroup;
			children = (
				58E146ED216EA0840030E666 /* SQLite.framework */,
				58E146EF216EA0840030E666 /* SQLiteTests iOS.xctest */,
				58E146F1216EA0840030E666 /* SQLite.framework */,
				58E146F3216EA0840030E666 /* SQLiteTests Mac.xctest */,
				58E146F5216EA0840030E666 /* SQLite.framework */,
				58E146F7216EA0840030E666 /* SQLiteTests tvOS.xctest */,
				58E146F9216EA0840030E666 /* SQLite.framework */,
			);
			name = Products;
			sourceTree = "<group>";
		};
		58E146FA216EA0E70030E666 /* Frameworks */ = {
			isa = PBXGroup;
			children = (
				58E14714216EA1590030E666 /* SQLite.xcodeproj */,
				58E146FC216EA1530030E666 /* SQLite.xcodeproj */,
			);
			name = Frameworks;
			sourceTree = "<group>";
		};
		58E146FD216EA1530030E666 /* Products */ = {
			isa = PBXGroup;
			children = (
				58E14707216EA1530030E666 /* SQLite.framework */,
				58E14709216EA1530030E666 /* SQLiteTests iOS.xctest */,
				58E1470B216EA1530030E666 /* SQLite.framework */,
				58E1470D216EA1530030E666 /* SQLiteTests Mac.xctest */,
				58E1470F216EA1530030E666 /* SQLite.framework */,
				58E14711216EA1530030E666 /* SQLiteTests tvOS.xctest */,
				58E14713216EA1530030E666 /* SQLite.framework */,
			);
			name = Products;
			sourceTree = "<group>";
		};
		58E14715216EA1590030E666 /* Products */ = {
			isa = PBXGroup;
			children = (
				58E1471F216EA1590030E666 /* SQLite.framework */,
				58E14721216EA1590030E666 /* SQLiteTests iOS.xctest */,
				58E14723216EA1590030E666 /* SQLite.framework */,
				58E14725216EA1590030E666 /* SQLiteTests Mac.xctest */,
				58E14727216EA1590030E666 /* SQLite.framework */,
				58E14729216EA1590030E666 /* SQLiteTests tvOS.xctest */,
				58E1472B216EA1590030E666 /* SQLite.framework */,
			);
			name = Products;
			sourceTree = "<group>";
		};
		58E1472D216EA15B0030E666 /* Products */ = {
			isa = PBXGroup;
			children = (
				58E14737216EA15B0030E666 /* SQLite.framework */,
				58E14739216EA15B0030E666 /* SQLiteTests iOS.xctest */,
				58E1473B216EA15B0030E666 /* SQLite.framework */,
				58E1473D216EA15B0030E666 /* SQLiteTests Mac.xctest */,
				58E1473F216EA15B0030E666 /* SQLite.framework */,
				58E14741216EA15B0030E666 /* SQLiteTests tvOS.xctest */,
				58E14743216EA15B0030E666 /* SQLite.framework */,
			);
			name = Products;
			sourceTree = "<group>";
		};
/* End PBXGroup section */

/* Begin PBXNativeTarget section */
		581CC28D2167DC6E00AA7929 /* ManagingData */ = {
			isa = PBXNativeTarget;
			buildConfigurationList = 581CC2A02167DC7300AA7929 /* Build configuration list for PBXNativeTarget "ManagingData" */;
			buildPhases = (
				581CC28A2167DC6E00AA7929 /* Sources */,
				581CC28B2167DC6E00AA7929 /* Frameworks */,
				581CC28C2167DC6E00AA7929 /* Resources */,
			);
			buildRules = (
			);
			dependencies = (
			);
			name = ManagingData;
			productName = ManagingData;
			productReference = 581CC28E2167DC6E00AA7929 /* ManagingData.app */;
			productType = "com.apple.product-type.application";
		};
/* End PBXNativeTarget section */

/* Begin PBXProject section */
		581CC2862167DC6E00AA7929 /* Project object */ = {
			isa = PBXProject;
			attributes = {
				LastSwiftUpdateCheck = 1000;
				LastUpgradeCheck = 1000;
				ORGANIZATIONNAME = vit;
				TargetAttributes = {
					581CC28D2167DC6E00AA7929 = {
						CreatedOnToolsVersion = 10.0;
					};
				};
			};
			buildConfigurationList = 581CC2892167DC6E00AA7929 /* Build configuration list for PBXProject "ManagingData" */;
			compatibilityVersion = "Xcode 9.3";
			developmentRegion = en;
			hasScannedForEncodings = 0;
			knownRegions = (
				en,
				Base,
			);
			mainGroup = 581CC2852167DC6E00AA7929;
			productRefGroup = 581CC28F2167DC6E00AA7929 /* Products */;
			projectDirPath = "";
			projectReferences = (
				{
					ProductGroup = 58E1472D216EA15B0030E666 /* Products */;
					ProjectRef = 58E1472C216EA15B0030E666 /* SQLite.xcodeproj */;
				},
				{
					ProductGroup = 58E146FD216EA1530030E666 /* Products */;
					ProjectRef = 58E146FC216EA1530030E666 /* SQLite.xcodeproj */;
				},
				{
					ProductGroup = 58E14715216EA1590030E666 /* Products */;
					ProjectRef = 58E14714216EA1590030E666 /* SQLite.xcodeproj */;
				},
				{
					ProductGroup = 58E146E3216EA0830030E666 /* Products */;
					ProjectRef = 58E146E2216EA0830030E666 /* SQLite.xcodeproj */;
				},
			);
			projectRoot = "";
			targets = (
				581CC28D2167DC6E00AA7929 /* ManagingData */,
			);
		};
/* End PBXProject section */

/* Begin PBXReferenceProxy section */
		58E146ED216EA0840030E666 /* SQLite.framework */ = {
			isa = PBXReferenceProxy;
			fileType = wrapper.framework;
			path = SQLite.framework;
			remoteRef = 58E146EC216EA0840030E666 /* PBXContainerItemProxy */;
			sourceTree = BUILT_PRODUCTS_DIR;
		};
		58E146EF216EA0840030E666 /* SQLiteTests iOS.xctest */ = {
			isa = PBXReferenceProxy;
			fileType = wrapper.cfbundle;
			path = "SQLiteTests iOS.xctest";
			remoteRef = 58E146EE216EA0840030E666 /* PBXContainerItemProxy */;
			sourceTree = BUILT_PRODUCTS_DIR;
		};
		58E146F1216EA0840030E666 /* SQLite.framework */ = {
			isa = PBXReferenceProxy;
			fileType = wrapper.framework;
			path = SQLite.framework;
			remoteRef = 58E146F0216EA0840030E666 /* PBXContainerItemProxy */;
			sourceTree = BUILT_PRODUCTS_DIR;
		};
		58E146F3216EA0840030E666 /* SQLiteTests Mac.xctest */ = {
			isa = PBXReferenceProxy;
			fileType = wrapper.cfbundle;
			path = "SQLiteTests Mac.xctest";
			remoteRef = 58E146F2216EA0840030E666 /* PBXContainerItemProxy */;
			sourceTree = BUILT_PRODUCTS_DIR;
		};
		58E146F5216EA0840030E666 /* SQLite.framework */ = {
			isa = PBXReferenceProxy;
			fileType = wrapper.framework;
			path = SQLite.framework;
			remoteRef = 58E146F4216EA0840030E666 /* PBXContainerItemProxy */;
			sourceTree = BUILT_PRODUCTS_DIR;
		};
		58E146F7216EA0840030E666 /* SQLiteTests tvOS.xctest */ = {
			isa = PBXReferenceProxy;
			fileType = wrapper.cfbundle;
			path = "SQLiteTests tvOS.xctest";
			remoteRef = 58E146F6216EA0840030E666 /* PBXContainerItemProxy */;
			sourceTree = BUILT_PRODUCTS_DIR;
		};
		58E146F9216EA0840030E666 /* SQLite.framework */ = {
			isa = PBXReferenceProxy;
			fileType = wrapper.framework;
			path = SQLite.framework;
			remoteRef = 58E146F8216EA0840030E666 /* PBXContainerItemProxy */;
			sourceTree = BUILT_PRODUCTS_DIR;
		};
		58E14707216EA1530030E666 /* SQLite.framework */ = {
			isa = PBXReferenceProxy;
			fileType = wrapper.framework;
			path = SQLite.framework;
			remoteRef = 58E14706216EA1530030E666 /* PBXContainerItemProxy */;
			sourceTree = BUILT_PRODUCTS_DIR;
		};
		58E14709216EA1530030E666 /* SQLiteTests iOS.xctest */ = {
			isa = PBXReferenceProxy;
			fileType = wrapper.cfbundle;
			path = "SQLiteTests iOS.xctest";
			remoteRef = 58E14708216EA1530030E666 /* PBXContainerItemProxy */;
			sourceTree = BUILT_PRODUCTS_DIR;
		};
		58E1470B216EA1530030E666 /* SQLite.framework */ = {
			isa = PBXReferenceProxy;
			fileType = wrapper.framework;
			path = SQLite.framework;
			remoteRef = 58E1470A216EA1530030E666 /* PBXContainerItemProxy */;
			sourceTree = BUILT_PRODUCTS_DIR;
		};
		58E1470D216EA1530030E666 /* SQLiteTests Mac.xctest */ = {
			isa = PBXReferenceProxy;
			fileType = wrapper.cfbundle;
			path = "SQLiteTests Mac.xctest";
			remoteRef = 58E1470C216EA1530030E666 /* PBXContainerItemProxy */;
			sourceTree = BUILT_PRODUCTS_DIR;
		};
		58E1470F216EA1530030E666 /* SQLite.framework */ = {
			isa = PBXReferenceProxy;
			fileType = wrapper.framework;
			path = SQLite.framework;
			remoteRef = 58E1470E216EA1530030E666 /* PBXContainerItemProxy */;
			sourceTree = BUILT_PRODUCTS_DIR;
		};
		58E14711216EA1530030E666 /* SQLiteTests tvOS.xctest */ = {
			isa = PBXReferenceProxy;
			fileType = wrapper.cfbundle;
			path = "SQLiteTests tvOS.xctest";
			remoteRef = 58E14710216EA1530030E666 /* PBXContainerItemProxy */;
			sourceTree = BUILT_PRODUCTS_DIR;
		};
		58E14713216EA1530030E666 /* SQLite.framework */ = {
			isa = PBXReferenceProxy;
			fileType = wrapper.framework;
			path = SQLite.framework;
			remoteRef = 58E14712216EA1530030E666 /* PBXContainerItemProxy */;
			sourceTree = BUILT_PRODUCTS_DIR;
		};
		58E1471F216EA1590030E666 /* SQLite.framework */ = {
			isa = PBXReferenceProxy;
			fileType = wrapper.framework;
			path = SQLite.framework;
			remoteRef = 58E1471E216EA1590030E666 /* PBXContainerItemProxy */;
			sourceTree = BUILT_PRODUCTS_DIR;
		};
		58E14721216EA1590030E666 /* SQLiteTests iOS.xctest */ = {
			isa = PBXReferenceProxy;
			fileType = wrapper.cfbundle;
			path = "SQLiteTests iOS.xctest";
			remoteRef = 58E14720216EA1590030E666 /* PBXContainerItemProxy */;
			sourceTree = BUILT_PRODUCTS_DIR;
		};
		58E14723216EA1590030E666 /* SQLite.framework */ = {
			isa = PBXReferenceProxy;
			fileType = wrapper.framework;
			path = SQLite.framework;
			remoteRef = 58E14722216EA1590030E666 /* PBXContainerItemProxy */;
			sourceTree = BUILT_PRODUCTS_DIR;
		};
		58E14725216EA1590030E666 /* SQLiteTests Mac.xctest */ = {
			isa = PBXReferenceProxy;
			fileType = wrapper.cfbundle;
			path = "SQLiteTests Mac.xctest";
			remoteRef = 58E14724216EA1590030E666 /* PBXContainerItemProxy */;
			sourceTree = BUILT_PRODUCTS_DIR;
		};
		58E14727216EA1590030E666 /* SQLite.framework */ = {
			isa = PBXReferenceProxy;
			fileType = wrapper.framework;
			path = SQLite.framework;
			remoteRef = 58E14726216EA1590030E666 /* PBXContainerItemProxy */;
			sourceTree = BUILT_PRODUCTS_DIR;
		};
		58E14729216EA1590030E666 /* SQLiteTests tvOS.xctest */ = {
			isa = PBXReferenceProxy;
			fileType = wrapper.cfbundle;
			path = "SQLiteTests tvOS.xctest";
			remoteRef = 58E14728216EA1590030E666 /* PBXContainerItemProxy */;
			sourceTree = BUILT_PRODUCTS_DIR;
		};
		58E1472B216EA1590030E666 /* SQLite.framework */ = {
			isa = PBXReferenceProxy;
			fileType = wrapper.framework;
			path = SQLite.framework;
			remoteRef = 58E1472A216EA1590030E666 /* PBXContainerItemProxy */;
			sourceTree = BUILT_PRODUCTS_DIR;
		};
		58E14737216EA15B0030E666 /* SQLite.framework */ = {
			isa = PBXReferenceProxy;
			fileType = wrapper.framework;
			path = SQLite.framework;
			remoteRef = 58E14736216EA15B0030E666 /* PBXContainerItemProxy */;
			sourceTree = BUILT_PRODUCTS_DIR;
		};
		58E14739216EA15B0030E666 /* SQLiteTests iOS.xctest */ = {
			isa = PBXReferenceProxy;
			fileType = wrapper.cfbundle;
			path = "SQLiteTests iOS.xctest";
			remoteRef = 58E14738216EA15B0030E666 /* PBXContainerItemProxy */;
			sourceTree = BUILT_PRODUCTS_DIR;
		};
		58E1473B216EA15B0030E666 /* SQLite.framework */ = {
			isa = PBXReferenceProxy;
			fileType = wrapper.framework;
			path = SQLite.framework;
			remoteRef = 58E1473A216EA15B0030E666 /* PBXContainerItemProxy */;
			sourceTree = BUILT_PRODUCTS_DIR;
		};
		58E1473D216EA15B0030E666 /* SQLiteTests Mac.xctest */ = {
			isa = PBXReferenceProxy;
			fileType = wrapper.cfbundle;
			path = "SQLiteTests Mac.xctest";
			remoteRef = 58E1473C216EA15B0030E666 /* PBXContainerItemProxy */;
			sourceTree = BUILT_PRODUCTS_DIR;
		};
		58E1473F216EA15B0030E666 /* SQLite.framework */ = {
			isa = PBXReferenceProxy;
			fileType = wrapper.framework;
			path = SQLite.framework;
			remoteRef = 58E1473E216EA15B0030E666 /* PBXContainerItemProxy */;
			sourceTree = BUILT_PRODUCTS_DIR;
		};
		58E14741216EA15B0030E666 /* SQLiteTests tvOS.xctest */ = {
			isa = PBXReferenceProxy;
			fileType = wrapper.cfbundle;
			path = "SQLiteTests tvOS.xctest";
			remoteRef = 58E14740216EA15B0030E666 /* PBXContainerItemProxy */;
			sourceTree = BUILT_PRODUCTS_DIR;
		};
		58E14743216EA15B0030E666 /* SQLite.framework */ = {
			isa = PBXReferenceProxy;
			fileType = wrapper.framework;
			path = SQLite.framework;
			remoteRef = 58E14742216EA15B0030E666 /* PBXContainerItemProxy */;
			sourceTree = BUILT_PRODUCTS_DIR;
		};
/* End PBXReferenceProxy section */

/* Begin PBXResourcesBuildPhase section */
		581CC28C2167DC6E00AA7929 /* Resources */ = {
			isa = PBXResourcesBuildPhase;
			buildActionMask = 2147483647;
			files = (
				581CC29C2167DC7300AA7929 /* LaunchScreen.storyboard in Resources */,
				581CC2992167DC7300AA7929 /* Assets.xcassets in Resources */,
				581CC2972167DC6F00AA7929 /* Main.storyboard in Resources */,
			);
			runOnlyForDeploymentPostprocessing = 0;
		};
/* End PBXResourcesBuildPhase section */

/* Begin PBXSourcesBuildPhase section */
		581CC28A2167DC6E00AA7929 /* Sources */ = {
			isa = PBXSourcesBuildPhase;
			buildActionMask = 2147483647;
			files = (
				581CC2942167DC6F00AA7929 /* ViewController.swift in Sources */,
				58DFFE19216E7C9800DB8C84 /* StephencelistDB.swift in Sources */,
				581CC2922167DC6F00AA7929 /* AppDelegate.swift in Sources */,
				587F34D02167E25C00AE1C49 /* Contact.swift in Sources */,
			);
			runOnlyForDeploymentPostprocessing = 0;
		};
/* End PBXSourcesBuildPhase section */

/* Begin PBXVariantGroup section */
		581CC2952167DC6F00AA7929 /* Main.storyboard */ = {
			isa = PBXVariantGroup;
			children = (
				581CC2962167DC6F00AA7929 /* Base */,
			);
			name = Main.storyboard;
			sourceTree = "<group>";
		};
		581CC29A2167DC7300AA7929 /* LaunchScreen.storyboard */ = {
			isa = PBXVariantGroup;
			children = (
				581CC29B2167DC7300AA7929 /* Base */,
			);
			name = LaunchScreen.storyboard;
			sourceTree = "<group>";
		};
/* End PBXVariantGroup section */

/* Begin XCBuildConfiguration section */
		581CC29E2167DC7300AA7929 /* Debug */ = {
			isa = XCBuildConfiguration;
			buildSettings = {
				ALWAYS_SEARCH_USER_PATHS = NO;
				CLANG_ANALYZER_NONNULL = YES;
				CLANG_ANALYZER_NUMBER_OBJECT_CONVERSION = YES_AGGRESSIVE;
				CLANG_CXX_LANGUAGE_STANDARD = "gnu++14";
				CLANG_CXX_LIBRARY = "libc++";
				CLANG_ENABLE_MODULES = YES;
				CLANG_ENABLE_OBJC_ARC = YES;
				CLANG_ENABLE_OBJC_WEAK = YES;
				CLANG_WARN_BLOCK_CAPTURE_AUTORELEASING = YES;
				CLANG_WARN_BOOL_CONVERSION = YES;
				CLANG_WARN_COMMA = YES;
				CLANG_WARN_CONSTANT_CONVERSION = YES;
				CLANG_WARN_DEPRECATED_OBJC_IMPLEMENTATIONS = YES;
				CLANG_WARN_DIRECT_OBJC_ISA_USAGE = YES_ERROR;
				CLANG_WARN_DOCUMENTATION_COMMENTS = YES;
				CLANG_WARN_EMPTY_BODY = YES;
				CLANG_WARN_ENUM_CONVERSION = YES;
				CLANG_WARN_INFINITE_RECURSION = YES;
				CLANG_WARN_INT_CONVERSION = YES;
				CLANG_WARN_NON_LITERAL_NULL_CONVERSION = YES;
				CLANG_WARN_OBJC_IMPLICIT_RETAIN_SELF = YES;
				CLANG_WARN_OBJC_LITERAL_CONVERSION = YES;
				CLANG_WARN_OBJC_ROOT_CLASS = YES_ERROR;
				CLANG_WARN_RANGE_LOOP_ANALYSIS = YES;
				CLANG_WARN_STRICT_PROTOTYPES = YES;
				CLANG_WARN_SUSPICIOUS_MOVE = YES;
				CLANG_WARN_UNGUARDED_AVAILABILITY = YES_AGGRESSIVE;
				CLANG_WARN_UNREACHABLE_CODE = YES;
				CLANG_WARN__DUPLICATE_METHOD_MATCH = YES;
				CODE_SIGN_IDENTITY = "iPhone Developer";
				COPY_PHASE_STRIP = NO;
				DEBUG_INFORMATION_FORMAT = dwarf;
				ENABLE_STRICT_OBJC_MSGSEND = YES;
				ENABLE_TESTABILITY = YES;
				GCC_C_LANGUAGE_STANDARD = gnu11;
				GCC_DYNAMIC_NO_PIC = NO;
				GCC_NO_COMMON_BLOCKS = YES;
				GCC_OPTIMIZATION_LEVEL = 0;
				GCC_PREPROCESSOR_DEFINITIONS = (
					"DEBUG=1",
					"$(inherited)",
				);
				GCC_WARN_64_TO_32_BIT_CONVERSION = YES;
				GCC_WARN_ABOUT_RETURN_TYPE = YES_ERROR;
				GCC_WARN_UNDECLARED_SELECTOR = YES;
				GCC_WARN_UNINITIALIZED_AUTOS = YES_AGGRESSIVE;
				GCC_WARN_UNUSED_FUNCTION = YES;
				GCC_WARN_UNUSED_VARIABLE = YES;
				IPHONEOS_DEPLOYMENT_TARGET = 12.0;
				MTL_ENABLE_DEBUG_INFO = INCLUDE_SOURCE;
				MTL_FAST_MATH = YES;
				ONLY_ACTIVE_ARCH = YES;
				SDKROOT = iphoneos;
				SWIFT_ACTIVE_COMPILATION_CONDITIONS = DEBUG;
				SWIFT_OPTIMIZATION_LEVEL = "-Onone";
			};
			name = Debug;
		};
		581CC29F2167DC7300AA7929 /* Release */ = {
			isa = XCBuildConfiguration;
			buildSettings = {
				ALWAYS_SEARCH_USER_PATHS = NO;
				CLANG_ANALYZER_NONNULL = YES;
				CLANG_ANALYZER_NUMBER_OBJECT_CONVERSION = YES_AGGRESSIVE;
				CLANG_CXX_LANGUAGE_STANDARD = "gnu++14";
				CLANG_CXX_LIBRARY = "libc++";
				CLANG_ENABLE_MODULES = YES;
				CLANG_ENABLE_OBJC_ARC = YES;
				CLANG_ENABLE_OBJC_WEAK = YES;
				CLANG_WARN_BLOCK_CAPTURE_AUTORELEASING = YES;
				CLANG_WARN_BOOL_CONVERSION = YES;
				CLANG_WARN_COMMA = YES;
				CLANG_WARN_CONSTANT_CONVERSION = YES;
				CLANG_WARN_DEPRECATED_OBJC_IMPLEMENTATIONS = YES;
				CLANG_WARN_DIRECT_OBJC_ISA_USAGE = YES_ERROR;
				CLANG_WARN_DOCUMENTATION_COMMENTS = YES;
				CLANG_WARN_EMPTY_BODY = YES;
				CLANG_WARN_ENUM_CONVERSION = YES;
				CLANG_WARN_INFINITE_RECURSION = YES;
				CLANG_WARN_INT_CONVERSION = YES;
				CLANG_WARN_NON_LITERAL_NULL_CONVERSION = YES;
				CLANG_WARN_OBJC_IMPLICIT_RETAIN_SELF = YES;
				CLANG_WARN_OBJC_LITERAL_CONVERSION = YES;
				CLANG_WARN_OBJC_ROOT_CLASS = YES_ERROR;
				CLANG_WARN_RANGE_LOOP_ANALYSIS = YES;
				CLANG_WARN_STRICT_PROTOTYPES = YES;
				CLANG_WARN_SUSPICIOUS_MOVE = YES;
				CLANG_WARN_UNGUARDED_AVAILABILITY = YES_AGGRESSIVE;
				CLANG_WARN_UNREACHABLE_CODE = YES;
				CLANG_WARN__DUPLICATE_METHOD_MATCH = YES;
				CODE_SIGN_IDENTITY = "iPhone Developer";
				COPY_PHASE_STRIP = NO;
				DEBUG_INFORMATION_FORMAT = "dwarf-with-dsym";
				ENABLE_NS_ASSERTIONS = NO;
				ENABLE_STRICT_OBJC_MSGSEND = YES;
				GCC_C_LANGUAGE_STANDARD = gnu11;
				GCC_NO_COMMON_BLOCKS = YES;
				GCC_WARN_64_TO_32_BIT_CONVERSION = YES;
				GCC_WARN_ABOUT_RETURN_TYPE = YES_ERROR;
				GCC_WARN_UNDECLARED_SELECTOR = YES;
				GCC_WARN_UNINITIALIZED_AUTOS = YES_AGGRESSIVE;
				GCC_WARN_UNUSED_FUNCTION = YES;
				GCC_WARN_UNUSED_VARIABLE = YES;
				IPHONEOS_DEPLOYMENT_TARGET = 12.0;
				MTL_ENABLE_DEBUG_INFO = NO;
				MTL_FAST_MATH = YES;
				SDKROOT = iphoneos;
				SWIFT_COMPILATION_MODE = wholemodule;
				SWIFT_OPTIMIZATION_LEVEL = "-O";
				VALIDATE_PRODUCT = YES;
			};
			name = Release;
		};
		581CC2A12167DC7300AA7929 /* Debug */ = {
			isa = XCBuildConfiguration;
			buildSettings = {
				ASSETCATALOG_COMPILER_APPICON_NAME = AppIcon;
				CODE_SIGN_STYLE = Automatic;
				DEVELOPMENT_TEAM = 45JNFF5WM9;
				INFOPLIST_FILE = ManagingData/Info.plist;
				LD_RUNPATH_SEARCH_PATHS = (
					"$(inherited)",
					"@executable_path/Frameworks",
				);
				PRODUCT_BUNDLE_IDENTIFIER = vit.team.ManagingData;
				PRODUCT_NAME = "$(TARGET_NAME)";
				SWIFT_VERSION = 4.2;
				TARGETED_DEVICE_FAMILY = "1,2";
			};
			name = Debug;
		};
		581CC2A22167DC7300AA7929 /* Release */ = {
			isa = XCBuildConfiguration;
			buildSettings = {
				ASSETCATALOG_COMPILER_APPICON_NAME = AppIcon;
				CODE_SIGN_STYLE = Automatic;
				DEVELOPMENT_TEAM = 45JNFF5WM9;
				INFOPLIST_FILE = ManagingData/Info.plist;
				LD_RUNPATH_SEARCH_PATHS = (
					"$(inherited)",
					"@executable_path/Frameworks",
				);
				PRODUCT_BUNDLE_IDENTIFIER = vit.team.ManagingData;
				PRODUCT_NAME = "$(TARGET_NAME)";
				SWIFT_VERSION = 4.2;
				TARGETED_DEVICE_FAMILY = "1,2";
			};
			name = Release;
		};
/* End XCBuildConfiguration section */

/* Begin XCConfigurationList section */
		581CC2892167DC6E00AA7929 /* Build configuration list for PBXProject "ManagingData" */ = {
			isa = XCConfigurationList;
			buildConfigurations = (
				581CC29E2167DC7300AA7929 /* Debug */,
				581CC29F2167DC7300AA7929 /* Release */,
			);
			defaultConfigurationIsVisible = 0;
			defaultConfigurationName = Release;
		};
		581CC2A02167DC7300AA7929 /* Build configuration list for PBXNativeTarget "ManagingData" */ = {
			isa = XCConfigurationList;
			buildConfigurations = (
				581CC2A12167DC7300AA7929 /* Debug */,
				581CC2A22167DC7300AA7929 /* Release */,
			);
			defaultConfigurationIsVisible = 0;
			defaultConfigurationName = Release;
		};
/* End XCConfigurationList section */
	};
	rootObject = 581CC2862167DC6E00AA7929 /* Project object */;
}
